
Microsoft Visual Studio Solution File, Format Version 12.00
# Visual Studio 2017
Project("{FAE04EC0-301F-11D3-BF4B-00C04F79EFBC}") = "Endless Runner MGZ", "Endless Runner MGZ.csproj", "{819D1D76-6CBC-7B03-19CB-2A906B9007EC}"
EndProject
Global
	GlobalSection(SolutionConfigurationPlatforms) = preSolution
		Debug|Any CPU = Debug|Any CPU
		Release|Any CPU = Release|Any CPU
	EndGlobalSection
	GlobalSection(ProjectConfigurationPlatforms) = postSolution
		{819D1D76-6CBC-7B03-19CB-2A906B9007EC}.Debug|Any CPU.ActiveCfg = Debug|Any CPU
		{819D1D76-6CBC-7B03-19CB-2A906B9007EC}.Debug|Any CPU.Build.0 = Debug|Any CPU
		{819D1D76-6CBC-7B03-19CB-2A906B9007EC}.Release|Any CPU.ActiveCfg = Release|Any CPU
		{819D1D76-6CBC-7B03-19CB-2A906B9007EC}.Release|Any CPU.Build.0 = Release|Any CPU
	EndGlobalSection
	GlobalSection(SolutionProperties) = preSolution
		HideSolutionNode = FALSE
	EndGlobalSection
EndGlobal
