
Microsoft Visual Studio Solution File, Format Version 11.00
# Visual Studio 2010
Project("{FAE04EC0-301F-11D3-BF4B-00C04F79EFBC}") = "ZigZagToe", "Assembly-CSharp.csproj", "{4C7CC3B5-E8F0-19F0-C657-7297C5F26371}"
EndProject
Global
	GlobalSection(SolutionConfigurationPlatforms) = preSolution
		Debug|Any CPU = Debug|Any CPU
		Release|Any CPU = Release|Any CPU
	EndGlobalSection
	GlobalSection(ProjectConfigurationPlatforms) = postSolution
		{4C7CC3B5-E8F0-19F0-C657-7297C5F26371}.Debug|Any CPU.ActiveCfg = Debug|Any CPU
		{4C7CC3B5-E8F0-19F0-C657-7297C5F26371}.Debug|Any CPU.Build.0 = Debug|Any CPU
		{4C7CC3B5-E8F0-19F0-C657-7297C5F26371}.Release|Any CPU.ActiveCfg = Release|Any CPU
		{4C7CC3B5-E8F0-19F0-C657-7297C5F26371}.Release|Any CPU.Build.0 = Release|Any CPU
	EndGlobalSection
	GlobalSection(SolutionProperties) = preSolution
		HideSolutionNode = FALSE
	EndGlobalSection
	GlobalSection(MonoDevelopProperties) = preSolution
		StartupItem = Assembly-CSharp.csproj
	EndGlobalSection
EndGlobal
